
Microsoft Visual Studio Solution File, Format Version 12.00
Project("{FAE04EC0-301F-11D3-BF4B-00C04F79EFBC}") = "WebApplication", "WebApplication\WebApplication.csproj", "{D7E8A460-5980-4D7A-B2FD-BE596EDC8CC8}"
EndProject
Project("{FAE04EC0-301F-11D3-BF4B-00C04F79EFBC}") = "Frontend", "Frontend\Frontend.csproj", "{AABE85D4-CB5F-411E-9FF1-690B00681E8B}"
EndProject
Project("{FAE04EC0-301F-11D3-BF4B-00C04F79EFBC}") = "Entities", "Entities\Entities.csproj", "{DBD91AF0-9F0E-4C22-82D5-2D07E4DCF854}"
EndProject
Global
	GlobalSection(SolutionConfigurationPlatforms) = preSolution
		Debug|Any CPU = Debug|Any CPU
		Release|Any CPU = Release|Any CPU
	EndGlobalSection
	GlobalSection(ProjectConfigurationPlatforms) = postSolution
		{D7E8A460-5980-4D7A-B2FD-BE596EDC8CC8}.Debug|Any CPU.ActiveCfg = Debug|Any CPU
		{D7E8A460-5980-4D7A-B2FD-BE596EDC8CC8}.Debug|Any CPU.Build.0 = Debug|Any CPU
		{D7E8A460-5980-4D7A-B2FD-BE596EDC8CC8}.Release|Any CPU.ActiveCfg = Release|Any CPU
		{D7E8A460-5980-4D7A-B2FD-BE596EDC8CC8}.Release|Any CPU.Build.0 = Release|Any CPU
		{AABE85D4-CB5F-411E-9FF1-690B00681E8B}.Debug|Any CPU.ActiveCfg = Debug|Any CPU
		{AABE85D4-CB5F-411E-9FF1-690B00681E8B}.Debug|Any CPU.Build.0 = Debug|Any CPU
		{AABE85D4-CB5F-411E-9FF1-690B00681E8B}.Release|Any CPU.ActiveCfg = Release|Any CPU
		{AABE85D4-CB5F-411E-9FF1-690B00681E8B}.Release|Any CPU.Build.0 = Release|Any CPU
		{DBD91AF0-9F0E-4C22-82D5-2D07E4DCF854}.Debug|Any CPU.ActiveCfg = Debug|Any CPU
		{DBD91AF0-9F0E-4C22-82D5-2D07E4DCF854}.Debug|Any CPU.Build.0 = Debug|Any CPU
		{DBD91AF0-9F0E-4C22-82D5-2D07E4DCF854}.Release|Any CPU.ActiveCfg = Release|Any CPU
		{DBD91AF0-9F0E-4C22-82D5-2D07E4DCF854}.Release|Any CPU.Build.0 = Release|Any CPU
	EndGlobalSection
EndGlobal
